
Microsoft Visual Studio Solution File, Format Version 12.00
Project("{FAE04EC0-301F-11D3-BF4B-00C04F79EFBC}") = "TaskManager.AvaloniaUI", "TaskManager.AvaloniaUI\TaskManager.AvaloniaUI.csproj", "{0FBF5874-2671-46D1-84F7-036F65113703}"
EndProject
Project("{FAE04EC0-301F-11D3-BF4B-00C04F79EFBC}") = "TaskManager.Repositories", "TaskManager.Repositories\TaskManager.Repositories.csproj", "{F0CBA5AD-1C2E-4731-8A00-230EA538F0C6}"
EndProject
Project("{FAE04EC0-301F-11D3-BF4B-00C04F79EFBC}") = "TaskManager.Services", "TaskManager.Services\TaskManager.Services.csproj", "{8DFD1D14-4D56-43F1-94BA-B8297D8E4CE7}"
EndProject
Global
	GlobalSection(SolutionConfigurationPlatforms) = preSolution
		Debug|Any CPU = Debug|Any CPU
		Debug|x64 = Debug|x64
		Debug|x86 = Debug|x86
		Release|Any CPU = Release|Any CPU
		Release|x64 = Release|x64
		Release|x86 = Release|x86
	EndGlobalSection
	GlobalSection(ProjectConfigurationPlatforms) = postSolution
		{0FBF5874-2671-46D1-84F7-036F65113703}.Debug|Any CPU.ActiveCfg = Debug|Any CPU
		{0FBF5874-2671-46D1-84F7-036F65113703}.Debug|Any CPU.Build.0 = Debug|Any CPU
		{0FBF5874-2671-46D1-84F7-036F65113703}.Debug|x64.ActiveCfg = Debug|Any CPU
		{0FBF5874-2671-46D1-84F7-036F65113703}.Debug|x64.Build.0 = Debug|Any CPU
		{0FBF5874-2671-46D1-84F7-036F65113703}.Debug|x86.ActiveCfg = Debug|Any CPU
		{0FBF5874-2671-46D1-84F7-036F65113703}.Debug|x86.Build.0 = Debug|Any CPU
		{0FBF5874-2671-46D1-84F7-036F65113703}.Release|Any CPU.ActiveCfg = Release|Any CPU
		{0FBF5874-2671-46D1-84F7-036F65113703}.Release|Any CPU.Build.0 = Release|Any CPU
		{0FBF5874-2671-46D1-84F7-036F65113703}.Release|x64.ActiveCfg = Release|Any CPU
		{0FBF5874-2671-46D1-84F7-036F65113703}.Release|x64.Build.0 = Release|Any CPU
		{0FBF5874-2671-46D1-84F7-036F65113703}.Release|x86.ActiveCfg = Release|Any CPU
		{0FBF5874-2671-46D1-84F7-036F65113703}.Release|x86.Build.0 = Release|Any CPU
		{F0CBA5AD-1C2E-4731-8A00-230EA538F0C6}.Debug|Any CPU.ActiveCfg = Debug|Any CPU
		{F0CBA5AD-1C2E-4731-8A00-230EA538F0C6}.Debug|Any CPU.Build.0 = Debug|Any CPU
		{F0CBA5AD-1C2E-4731-8A00-230EA538F0C6}.Debug|x64.ActiveCfg = Debug|Any CPU
		{F0CBA5AD-1C2E-4731-8A00-230EA538F0C6}.Debug|x64.Build.0 = Debug|Any CPU
		{F0CBA5AD-1C2E-4731-8A00-230EA538F0C6}.Debug|x86.ActiveCfg = Debug|Any CPU
		{F0CBA5AD-1C2E-4731-8A00-230EA538F0C6}.Debug|x86.Build.0 = Debug|Any CPU
		{F0CBA5AD-1C2E-4731-8A00-230EA538F0C6}.Release|Any CPU.ActiveCfg = Release|Any CPU
		{F0CBA5AD-1C2E-4731-8A00-230EA538F0C6}.Release|Any CPU.Build.0 = Release|Any CPU
		{F0CBA5AD-1C2E-4731-8A00-230EA538F0C6}.Release|x64.ActiveCfg = Release|Any CPU
		{F0CBA5AD-1C2E-4731-8A00-230EA538F0C6}.Release|x64.Build.0 = Release|Any CPU
		{F0CBA5AD-1C2E-4731-8A00-230EA538F0C6}.Release|x86.ActiveCfg = Release|Any CPU
		{F0CBA5AD-1C2E-4731-8A00-230EA538F0C6}.Release|x86.Build.0 = Release|Any CPU
		{8DFD1D14-4D56-43F1-94BA-B8297D8E4CE7}.Debug|Any CPU.ActiveCfg = Debug|Any CPU
		{8DFD1D14-4D56-43F1-94BA-B8297D8E4CE7}.Debug|Any CPU.Build.0 = Debug|Any CPU
		{8DFD1D14-4D56-43F1-94BA-B8297D8E4CE7}.Debug|x64.ActiveCfg = Debug|Any CPU
		{8DFD1D14-4D56-43F1-94BA-B8297D8E4CE7}.Debug|x64.Build.0 = Debug|Any CPU
		{8DFD1D14-4D56-43F1-94BA-B8297D8E4CE7}.Debug|x86.ActiveCfg = Debug|Any CPU
		{8DFD1D14-4D56-43F1-94BA-B8297D8E4CE7}.Debug|x86.Build.0 = Debug|Any CPU
		{8DFD1D14-4D56-43F1-94BA-B8297D8E4CE7}.Release|Any CPU.ActiveCfg = Release|Any CPU
		{8DFD1D14-4D56-43F1-94BA-B8297D8E4CE7}.Release|Any CPU.Build.0 = Release|Any CPU
		{8DFD1D14-4D56-43F1-94BA-B8297D8E4CE7}.Release|x64.ActiveCfg = Release|Any CPU
		{8DFD1D14-4D56-43F1-94BA-B8297D8E4CE7}.Release|x64.Build.0 = Release|Any CPU
		{8DFD1D14-4D56-43F1-94BA-B8297D8E4CE7}.Release|x86.ActiveCfg = Release|Any CPU
		{8DFD1D14-4D56-43F1-94BA-B8297D8E4CE7}.Release|x86.Build.0 = Release|Any CPU
	EndGlobalSection
	GlobalSection(SolutionProperties) = preSolution
		HideSolutionNode = FALSE
	EndGlobalSection
EndGlobal
